Microsoft Visual Studio Solution File, Format Version 12.00
# Visual Studio Version 17
VisualStudioVersion = 17.5.2.0
MinimumVisualStudioVersion = 10.0.40219.1
Project("{FAE04EC0-301F-11D3-BF4B-00C04F79EFBC}") = "Backend.Api", "Backend.Api.csproj", "{B9349287-4A27-835B-C5B7-459B6F93EA96}"
EndProject
Global
	GlobalSection(SolutionConfigurationPlatforms) = preSolution
		Debug|Any CPU = Debug|Any CPU
		Release|Any CPU = Release|Any CPU
	EndGlobalSection
	GlobalSection(ProjectConfigurationPlatforms) = postSolution
		{B9349287-4A27-835B-C5B7-459B6F93EA96}.Debug|Any CPU.ActiveCfg = Debug|Any CPU
		{B9349287-4A27-835B-C5B7-459B6F93EA96}.Debug|Any CPU.Build.0 = Debug|Any CPU
		{B9349287-4A27-835B-C5B7-459B6F93EA96}.Release|Any CPU.ActiveCfg = Release|Any CPU
		{B9349287-4A27-835B-C5B7-459B6F93EA96}.Release|Any CPU.Build.0 = Release|Any CPU
	EndGlobalSection
	GlobalSection(SolutionProperties) = preSolution
		HideSolutionNode = FALSE
	EndGlobalSection
	GlobalSection(ExtensibilityGlobals) = postSolution
		SolutionGuid = {C98ED718-0096-4701-9A37-B366FD8AEBF0}
	EndGlobalSection
EndGlobal
